
Microsoft Visual Studio Solution File, Format Version 12.00
# Visual Studio Version 17
VisualStudioVersion = 17.0.31903.59
MinimumVisualStudioVersion = 10.0.40219.1
Project("{2150E333-8FDC-42A3-9474-1A3956D46DE8}") = "src", "src", "{827E0CD3-B72D-47B6-A68D-7590B98EB39B}"
EndProject
Project("{FAE04EC0-301F-11D3-BF4B-00C04F79EFBC}") = "Acoes.Api", "src\Acoes.Api\Acoes.Api.csproj", "{C46CDA14-233B-4A98-B253-E3478520BBC1}"
EndProject
Project("{FAE04EC0-301F-11D3-BF4B-00C04F79EFBC}") = "Acoes.Application", "src\Acoes.Application\Acoes.Application.csproj", "{5F038AD3-6226-49DD-BACA-E55C54E08576}"
EndProject
Project("{FAE04EC0-301F-11D3-BF4B-00C04F79EFBC}") = "Acoes.Domain", "src\Acoes.Domain\Acoes.Domain.csproj", "{978DAA6F-59BE-4D45-8630-C8385A15C424}"
EndProject
Project("{FAE04EC0-301F-11D3-BF4B-00C04F79EFBC}") = "Acoes.Infrastructure", "src\Acoes.Infrastructure\Acoes.Infrastructure.csproj", "{A5D15B2C-6BA2-4EDF-9C13-3E98828D3046}"
EndProject
Project("{2150E333-8FDC-42A3-9474-1A3956D46DE8}") = "tests", "tests", "{0AB3BF05-4346-4AA6-1389-037BE0695223}"
EndProject
Project("{FAE04EC0-301F-11D3-BF4B-00C04F79EFBC}") = "Acoes.Tests", "tests\Acoes.Tests\Acoes.Tests.csproj", "{EF70E822-EDB1-4DE0-B70C-356BBC497730}"
EndProject
Global
	GlobalSection(SolutionConfigurationPlatforms) = preSolution
		Debug|Any CPU = Debug|Any CPU
		Debug|x64 = Debug|x64
		Debug|x86 = Debug|x86
		Release|Any CPU = Release|Any CPU
		Release|x64 = Release|x64
		Release|x86 = Release|x86
	EndGlobalSection
	GlobalSection(ProjectConfigurationPlatforms) = postSolution
		{C46CDA14-233B-4A98-B253-E3478520BBC1}.Debug|Any CPU.ActiveCfg = Debug|Any CPU
		{C46CDA14-233B-4A98-B253-E3478520BBC1}.Debug|Any CPU.Build.0 = Debug|Any CPU
		{C46CDA14-233B-4A98-B253-E3478520BBC1}.Debug|x64.ActiveCfg = Debug|Any CPU
		{C46CDA14-233B-4A98-B253-E3478520BBC1}.Debug|x64.Build.0 = Debug|Any CPU
		{C46CDA14-233B-4A98-B253-E3478520BBC1}.Debug|x86.ActiveCfg = Debug|Any CPU
		{C46CDA14-233B-4A98-B253-E3478520BBC1}.Debug|x86.Build.0 = Debug|Any CPU
		{C46CDA14-233B-4A98-B253-E3478520BBC1}.Release|Any CPU.ActiveCfg = Release|Any CPU
		{C46CDA14-233B-4A98-B253-E3478520BBC1}.Release|Any CPU.Build.0 = Release|Any CPU
		{C46CDA14-233B-4A98-B253-E3478520BBC1}.Release|x64.ActiveCfg = Release|Any CPU
		{C46CDA14-233B-4A98-B253-E3478520BBC1}.Release|x64.Build.0 = Release|Any CPU
		{C46CDA14-233B-4A98-B253-E3478520BBC1}.Release|x86.ActiveCfg = Release|Any CPU
		{C46CDA14-233B-4A98-B253-E3478520BBC1}.Release|x86.Build.0 = Release|Any CPU
		{5F038AD3-6226-49DD-BACA-E55C54E08576}.Debug|Any CPU.ActiveCfg = Debug|Any CPU
		{5F038AD3-6226-49DD-BACA-E55C54E08576}.Debug|Any CPU.Build.0 = Debug|Any CPU
		{5F038AD3-6226-49DD-BACA-E55C54E08576}.Debug|x64.ActiveCfg = Debug|Any CPU
		{5F038AD3-6226-49DD-BACA-E55C54E08576}.Debug|x64.Build.0 = Debug|Any CPU
		{5F038AD3-6226-49DD-BACA-E55C54E08576}.Debug|x86.ActiveCfg = Debug|Any CPU
		{5F038AD3-6226-49DD-BACA-E55C54E08576}.Debug|x86.Build.0 = Debug|Any CPU
		{5F038AD3-6226-49DD-BACA-E55C54E08576}.Release|Any CPU.ActiveCfg = Release|Any CPU
		{5F038AD3-6226-49DD-BACA-E55C54E08576}.Release|Any CPU.Build.0 = Release|Any CPU
		{5F038AD3-6226-49DD-BACA-E55C54E08576}.Release|x64.ActiveCfg = Release|Any CPU
		{5F038AD3-6226-49DD-BACA-E55C54E08576}.Release|x64.Build.0 = Release|Any CPU
		{5F038AD3-6226-49DD-BACA-E55C54E08576}.Release|x86.ActiveCfg = Release|Any CPU
		{5F038AD3-6226-49DD-BACA-E55C54E08576}.Release|x86.Build.0 = Release|Any CPU
		{978DAA6F-59BE-4D45-8630-C8385A15C424}.Debug|Any CPU.ActiveCfg = Debug|Any CPU
		{978DAA6F-59BE-4D45-8630-C8385A15C424}.Debug|Any CPU.Build.0 = Debug|Any CPU
		{978DAA6F-59BE-4D45-8630-C8385A15C424}.Debug|x64.ActiveCfg = Debug|Any CPU
		{978DAA6F-59BE-4D45-8630-C8385A15C424}.Debug|x64.Build.0 = Debug|Any CPU
		{978DAA6F-59BE-4D45-8630-C8385A15C424}.Debug|x86.ActiveCfg = Debug|Any CPU
		{978DAA6F-59BE-4D45-8630-C8385A15C424}.Debug|x86.Build.0 = Debug|Any CPU
		{978DAA6F-59BE-4D45-8630-C8385A15C424}.Release|Any CPU.ActiveCfg = Release|Any CPU
		{978DAA6F-59BE-4D45-8630-C8385A15C424}.Release|Any CPU.Build.0 = Release|Any CPU
		{978DAA6F-59BE-4D45-8630-C8385A15C424}.Release|x64.ActiveCfg = Release|Any CPU
		{978DAA6F-59BE-4D45-8630-C8385A15C424}.Release|x64.Build.0 = Release|Any CPU
		{978DAA6F-59BE-4D45-8630-C8385A15C424}.Release|x86.ActiveCfg = Release|Any CPU
		{978DAA6F-59BE-4D45-8630-C8385A15C424}.Release|x86.Build.0 = Release|Any CPU
		{A5D15B2C-6BA2-4EDF-9C13-3E98828D3046}.Debug|Any CPU.ActiveCfg = Debug|Any CPU
		{A5D15B2C-6BA2-4EDF-9C13-3E98828D3046}.Debug|Any CPU.Build.0 = Debug|Any CPU
		{A5D15B2C-6BA2-4EDF-9C13-3E98828D3046}.Debug|x64.ActiveCfg = Debug|Any CPU
		{A5D15B2C-6BA2-4EDF-9C13-3E98828D3046}.Debug|x64.Build.0 = Debug|Any CPU
		{A5D15B2C-6BA2-4EDF-9C13-3E98828D3046}.Debug|x86.ActiveCfg = Debug|Any CPU
		{A5D15B2C-6BA2-4EDF-9C13-3E98828D3046}.Debug|x86.Build.0 = Debug|Any CPU
		{A5D15B2C-6BA2-4EDF-9C13-3E98828D3046}.Release|Any CPU.ActiveCfg = Release|Any CPU
		{A5D15B2C-6BA2-4EDF-9C13-3E98828D3046}.Release|Any CPU.Build.0 = Release|Any CPU
		{A5D15B2C-6BA2-4EDF-9C13-3E98828D3046}.Release|x64.ActiveCfg = Release|Any CPU
		{A5D15B2C-6BA2-4EDF-9C13-3E98828D3046}.Release|x64.Build.0 = Release|Any CPU
		{A5D15B2C-6BA2-4EDF-9C13-3E98828D3046}.Release|x86.ActiveCfg = Release|Any CPU
		{A5D15B2C-6BA2-4EDF-9C13-3E98828D3046}.Release|x86.Build.0 = Release|Any CPU
		{EF70E822-EDB1-4DE0-B70C-356BBC497730}.Debug|Any CPU.ActiveCfg = Debug|Any CPU
		{EF70E822-EDB1-4DE0-B70C-356BBC497730}.Debug|Any CPU.Build.0 = Debug|Any CPU
		{EF70E822-EDB1-4DE0-B70C-356BBC497730}.Debug|x64.ActiveCfg = Debug|Any CPU
		{EF70E822-EDB1-4DE0-B70C-356BBC497730}.Debug|x64.Build.0 = Debug|Any CPU
		{EF70E822-EDB1-4DE0-B70C-356BBC497730}.Debug|x86.ActiveCfg = Debug|Any CPU
		{EF70E822-EDB1-4DE0-B70C-356BBC497730}.Debug|x86.Build.0 = Debug|Any CPU
		{EF70E822-EDB1-4DE0-B70C-356BBC497730}.Release|Any CPU.ActiveCfg = Release|Any CPU
		{EF70E822-EDB1-4DE0-B70C-356BBC497730}.Release|Any CPU.Build.0 = Release|Any CPU
		{EF70E822-EDB1-4DE0-B70C-356BBC497730}.Release|x64.ActiveCfg = Release|Any CPU
		{EF70E822-EDB1-4DE0-B70C-356BBC497730}.Release|x64.Build.0 = Release|Any CPU
		{EF70E822-EDB1-4DE0-B70C-356BBC497730}.Release|x86.ActiveCfg = Release|Any CPU
		{EF70E822-EDB1-4DE0-B70C-356BBC497730}.Release|x86.Build.0 = Release|Any CPU
	EndGlobalSection
	GlobalSection(SolutionProperties) = preSolution
		HideSolutionNode = FALSE
	EndGlobalSection
	GlobalSection(NestedProjects) = preSolution
		{C46CDA14-233B-4A98-B253-E3478520BBC1} = {827E0CD3-B72D-47B6-A68D-7590B98EB39B}
		{5F038AD3-6226-49DD-BACA-E55C54E08576} = {827E0CD3-B72D-47B6-A68D-7590B98EB39B}
		{978DAA6F-59BE-4D45-8630-C8385A15C424} = {827E0CD3-B72D-47B6-A68D-7590B98EB39B}
		{A5D15B2C-6BA2-4EDF-9C13-3E98828D3046} = {827E0CD3-B72D-47B6-A68D-7590B98EB39B}
		{EF70E822-EDB1-4DE0-B70C-356BBC497730} = {0AB3BF05-4346-4AA6-1389-037BE0695223}
	EndGlobalSection
EndGlobal
